
Microsoft Visual Studio Solution File, Format Version 12.00
# Visual Studio Version 17
VisualStudioVersion = 17.4.33205.214
MinimumVisualStudioVersion = 10.0.40219.1
Project("{FAE04EC0-301F-11D3-BF4B-00C04F79EFBC}") = "TCSH", "TCSH\TCSH.csproj", "{6C928C3F-8158-45F4-80AB-C7183ECD6A17}"
EndProject
Global
	GlobalSection(SolutionConfigurationPlatforms) = preSolution
		Debug|Any CPU = Debug|Any CPU
		Release|Any CPU = Release|Any CPU
	EndGlobalSection
	GlobalSection(ProjectConfigurationPlatforms) = postSolution
		{6C928C3F-8158-45F4-80AB-C7183ECD6A17}.Debug|Any CPU.ActiveCfg = Debug|Any CPU
		{6C928C3F-8158-45F4-80AB-C7183ECD6A17}.Debug|Any CPU.Build.0 = Debug|Any CPU
		{6C928C3F-8158-45F4-80AB-C7183ECD6A17}.Release|Any CPU.ActiveCfg = Release|Any CPU
		{6C928C3F-8158-45F4-80AB-C7183ECD6A17}.Release|Any CPU.Build.0 = Release|Any CPU
	EndGlobalSection
	GlobalSection(SolutionProperties) = preSolution
		HideSolutionNode = FALSE
	EndGlobalSection
	GlobalSection(ExtensibilityGlobals) = postSolution
		SolutionGuid = {68C55E97-4332-4317-B8E2-88D31A3A6463}
	EndGlobalSection
EndGlobal
